
Microsoft Visual Studio Solution File, Format Version 12.00
# Visual Studio 15
VisualStudioVersion = 15.0.33529.398
MinimumVisualStudioVersion = 10.0.40219.1
Project("{FAE04EC0-301F-11D3-BF4B-00C04F79EFBC}") = "Telefon_Rehberi_Uygulaması_2", "Telefon_Rehberi_Uygulaması_2\Telefon_Rehberi_Uygulaması_2.csproj", "{903A2C77-AB2A-4F03-98B9-B5665445AC39}"
EndProject
Global
	GlobalSection(SolutionConfigurationPlatforms) = preSolution
		Debug|Any CPU = Debug|Any CPU
		Release|Any CPU = Release|Any CPU
	EndGlobalSection
	GlobalSection(ProjectConfigurationPlatforms) = postSolution
		{903A2C77-AB2A-4F03-98B9-B5665445AC39}.Debug|Any CPU.ActiveCfg = Debug|Any CPU
		{903A2C77-AB2A-4F03-98B9-B5665445AC39}.Debug|Any CPU.Build.0 = Debug|Any CPU
		{903A2C77-AB2A-4F03-98B9-B5665445AC39}.Release|Any CPU.ActiveCfg = Release|Any CPU
		{903A2C77-AB2A-4F03-98B9-B5665445AC39}.Release|Any CPU.Build.0 = Release|Any CPU
	EndGlobalSection
	GlobalSection(SolutionProperties) = preSolution
		HideSolutionNode = FALSE
	EndGlobalSection
	GlobalSection(ExtensibilityGlobals) = postSolution
		SolutionGuid = {BCD597C0-E9F1-4F3C-8F46-F4897CFBAAEF}
	EndGlobalSection
EndGlobal
